// !$*UTF8*$!
{
	archiveVersion = 1;
	classes = {
	};
	objectVersion = 50;
	objects = {

/* Begin PBXBuildFile section */
		F62BCE78247A764B0014BB81 /* TutorialDatasetCSVAPI.swift in Sources */ = {isa = PBXBuildFile; fileRef = F62BCE77247A764B0014BB81 /* TutorialDatasetCSVAPI.swift */; };
		F63C4776247A32DE00209206 /* AppDelegate.swift in Sources */ = {isa = PBXBuildFile; fileRef = F63C4775247A32DE00209206 /* AppDelegate.swift */; };
		F63C477E247A32DE00209206 /* ViewController.swift in Sources */ = {isa = PBXBuildFile; fileRef = F63C477D247A32DE00209206 /* ViewController.swift */; };
		F63C4780247A32E100209206 /* Assets.xcassets in Resources */ = {isa = PBXBuildFile; fileRef = F63C477F247A32E100209206 /* Assets.xcassets */; };
		F63C4783247A32E100209206 /* Main.storyboard in Resources */ = {isa = PBXBuildFile; fileRef = F63C4781247A32E100209206 /* Main.storyboard */; };
		F63C478F247A32E100209206 /* SnakeTests.swift in Sources */ = {isa = PBXBuildFile; fileRef = F63C478E247A32E100209206 /* SnakeTests.swift */; };
		F63C479A247A32E100209206 /* SnakeUITests.swift in Sources */ = {isa = PBXBuildFile; fileRef = F63C4799247A32E100209206 /* SnakeUITests.swift */; };
		F63C47AB247A334400209206 /* Anton.swift in Sources */ = {isa = PBXBuildFile; fileRef = F63C47A8247A334400209206 /* Anton.swift */; };
		F63C47AC247A334400209206 /* GameScene.swift in Sources */ = {isa = PBXBuildFile; fileRef = F63C47AA247A334400209206 /* GameScene.swift */; };
		F63C47AF247A337D00209206 /* Snake.swift in Sources */ = {isa = PBXBuildFile; fileRef = F63C47AE247A337D00209206 /* Snake.swift */; };
		F63C47B1247A33ED00209206 /* GameSceneExtension.swift in Sources */ = {isa = PBXBuildFile; fileRef = F63C47B0247A33ED00209206 /* GameSceneExtension.swift */; };
		F63C47B4247A35DC00209206 /* GridNode.swift in Sources */ = {isa = PBXBuildFile; fileRef = F63C47B3247A35DC00209206 /* GridNode.swift */; };
		F63C47B8247A4D9700209206 /* FileHandler.swift in Sources */ = {isa = PBXBuildFile; fileRef = F63C47B6247A4D9700209206 /* FileHandler.swift */; };
		F63C47B9247A4D9700209206 /* IterationData.csv in Resources */ = {isa = PBXBuildFile; fileRef = F63C47B7247A4D9700209206 /* IterationData.csv */; };
		F63C47BC247A5FA800209206 /* CollisionDetector.swift in Sources */ = {isa = PBXBuildFile; fileRef = F63C47BB247A5FA800209206 /* CollisionDetector.swift */; };
/* End PBXBuildFile section */

/* Begin PBXContainerItemProxy section */
		F63C478B247A32E100209206 /* PBXContainerItemProxy */ = {
			isa = PBXContainerItemProxy;
			containerPortal = F63C476A247A32DE00209206 /* Project object */;
			proxyType = 1;
			remoteGlobalIDString = F63C4771247A32DE00209206;
			remoteInfo = Snake;
		};
		F63C4796247A32E100209206 /* PBXContainerItemProxy */ = {
			isa = PBXContainerItemProxy;
			containerPortal = F63C476A247A32DE00209206 /* Project object */;
			proxyType = 1;
			remoteGlobalIDString = F63C4771247A32DE00209206;
			remoteInfo = Snake;
		};
/* End PBXContainerItemProxy section */

/* Begin PBXFileReference section */
		F62BCE77247A764B0014BB81 /* TutorialDatasetCSVAPI.swift */ = {isa = PBXFileReference; fileEncoding = 4; lastKnownFileType = sourcecode.swift; path = TutorialDatasetCSVAPI.swift; sourceTree = "<group>"; };
		F63C4772247A32DE00209206 /* Snake.app */ = {isa = PBXFileReference; explicitFileType = wrapper.application; includeInIndex = 0; path = Snake.app; sourceTree = BUILT_PRODUCTS_DIR; };
		F63C4775247A32DE00209206 /* AppDelegate.swift */ = {isa = PBXFileReference; lastKnownFileType = sourcecode.swift; path = AppDelegate.swift; sourceTree = "<group>"; };
		F63C477D247A32DE00209206 /* ViewController.swift */ = {isa = PBXFileReference; lastKnownFileType = sourcecode.swift; path = ViewController.swift; sourceTree = "<group>"; };
		F63C477F247A32E100209206 /* Assets.xcassets */ = {isa = PBXFileReference; lastKnownFileType = folder.assetcatalog; path = Assets.xcassets; sourceTree = "<group>"; };
		F63C4782247A32E100209206 /* Base */ = {isa = PBXFileReference; lastKnownFileType = file.storyboard; name = Base; path = Base.lproj/Main.storyboard; sourceTree = "<group>"; };
		F63C4784247A32E100209206 /* Info.plist */ = {isa = PBXFileReference; lastKnownFileType = text.plist.xml; path = Info.plist; sourceTree = "<group>"; };
		F63C4785247A32E100209206 /* Snake.entitlements */ = {isa = PBXFileReference; lastKnownFileType = text.plist.entitlements; path = Snake.entitlements; sourceTree = "<group>"; };
		F63C478A247A32E100209206 /* SnakeTests.xctest */ = {isa = PBXFileReference; explicitFileType = wrapper.cfbundle; includeInIndex = 0; path = SnakeTests.xctest; sourceTree = BUILT_PRODUCTS_DIR; };
		F63C478E247A32E100209206 /* SnakeTests.swift */ = {isa = PBXFileReference; lastKnownFileType = sourcecode.swift; path = SnakeTests.swift; sourceTree = "<group>"; };
		F63C4790247A32E100209206 /* Info.plist */ = {isa = PBXFileReference; lastKnownFileType = text.plist.xml; path = Info.plist; sourceTree = "<group>"; };
		F63C4795247A32E100209206 /* SnakeUITests.xctest */ = {isa = PBXFileReference; explicitFileType = wrapper.cfbundle; includeInIndex = 0; path = SnakeUITests.xctest; sourceTree = BUILT_PRODUCTS_DIR; };
		F63C4799247A32E100209206 /* SnakeUITests.swift */ = {isa = PBXFileReference; lastKnownFileType = sourcecode.swift; path = SnakeUITests.swift; sourceTree = "<group>"; };
		F63C479B247A32E100209206 /* Info.plist */ = {isa = PBXFileReference; lastKnownFileType = text.plist.xml; path = Info.plist; sourceTree = "<group>"; };
		F63C47A8247A334400209206 /* Anton.swift */ = {isa = PBXFileReference; fileEncoding = 4; lastKnownFileType = sourcecode.swift; path = Anton.swift; sourceTree = "<group>"; };
		F63C47AA247A334400209206 /* GameScene.swift */ = {isa = PBXFileReference; fileEncoding = 4; lastKnownFileType = sourcecode.swift; path = GameScene.swift; sourceTree = "<group>"; };
		F63C47AE247A337D00209206 /* Snake.swift */ = {isa = PBXFileReference; lastKnownFileType = sourcecode.swift; path = Snake.swift; sourceTree = "<group>"; };
		F63C47B0247A33ED00209206 /* GameSceneExtension.swift */ = {isa = PBXFileReference; lastKnownFileType = sourcecode.swift; path = GameSceneExtension.swift; sourceTree = "<group>"; };
		F63C47B3247A35DC00209206 /* GridNode.swift */ = {isa = PBXFileReference; lastKnownFileType = sourcecode.swift; path = GridNode.swift; sourceTree = "<group>"; };
		F63C47B6247A4D9700209206 /* FileHandler.swift */ = {isa = PBXFileReference; fileEncoding = 4; lastKnownFileType = sourcecode.swift; path = FileHandler.swift; sourceTree = "<group>"; };
		F63C47B7247A4D9700209206 /* IterationData.csv */ = {isa = PBXFileReference; fileEncoding = 4; lastKnownFileType = text; path = IterationData.csv; sourceTree = "<group>"; };
		F63C47BB247A5FA800209206 /* CollisionDetector.swift */ = {isa = PBXFileReference; lastKnownFileType = sourcecode.swift; path = CollisionDetector.swift; sourceTree = "<group>"; };
/* End PBXFileReference section */

/* Begin PBXFrameworksBuildPhase section */
		F63C476F247A32DE00209206 /* Frameworks */ = {
			isa = PBXFrameworksBuildPhase;
			buildActionMask = 2147483647;
			files = (
			);
			runOnlyForDeploymentPostprocessing = 0;
		};
		F63C4787247A32E100209206 /* Frameworks */ = {
			isa = PBXFrameworksBuildPhase;
			buildActionMask = 2147483647;
			files = (
			);
			runOnlyForDeploymentPostprocessing = 0;
		};
		F63C4792247A32E100209206 /* Frameworks */ = {
			isa = PBXFrameworksBuildPhase;
			buildActionMask = 2147483647;
			files = (
			);
			runOnlyForDeploymentPostprocessing = 0;
		};
/* End PBXFrameworksBuildPhase section */

/* Begin PBXGroup section */
		F62BCE76247A764B0014BB81 /* External code */ = {
			isa = PBXGroup;
			children = (
				F62BCE77247A764B0014BB81 /* TutorialDatasetCSVAPI.swift */,
			);
			path = "External code";
			sourceTree = "<group>";
		};
		F63C4769247A32DE00209206 = {
			isa = PBXGroup;
			children = (
				F63C4774247A32DE00209206 /* Snake */,
				F63C478D247A32E100209206 /* SnakeTests */,
				F63C4798247A32E100209206 /* SnakeUITests */,
				F63C4773247A32DE00209206 /* Products */,
			);
			sourceTree = "<group>";
		};
		F63C4773247A32DE00209206 /* Products */ = {
			isa = PBXGroup;
			children = (
				F63C4772247A32DE00209206 /* Snake.app */,
				F63C478A247A32E100209206 /* SnakeTests.xctest */,
				F63C4795247A32E100209206 /* SnakeUITests.xctest */,
			);
			name = Products;
			sourceTree = "<group>";
		};
		F63C4774247A32DE00209206 /* Snake */ = {
			isa = PBXGroup;
			children = (
				F62BCE76247A764B0014BB81 /* External code */,
				F63C47A7247A334400209206 /* Anton */,
				F63C47BA247A5FA200209206 /* CollisionDetector */,
				F63C47B5247A4D9700209206 /* FileHandling */,
				F63C47A9247A334400209206 /* Game scene */,
				F63C47B2247A35CF00209206 /* GridNode */,
				F63C47AD247A337200209206 /* Snake */,
				F63C4775247A32DE00209206 /* AppDelegate.swift */,
				F63C477F247A32E100209206 /* Assets.xcassets */,
				F63C4784247A32E100209206 /* Info.plist */,
				F63C4781247A32E100209206 /* Main.storyboard */,
				F63C4785247A32E100209206 /* Snake.entitlements */,
				F63C477D247A32DE00209206 /* ViewController.swift */,
			);
			path = Snake;
			sourceTree = "<group>";
		};
		F63C478D247A32E100209206 /* SnakeTests */ = {
			isa = PBXGroup;
			children = (
				F63C478E247A32E100209206 /* SnakeTests.swift */,
				F63C4790247A32E100209206 /* Info.plist */,
			);
			path = SnakeTests;
			sourceTree = "<group>";
		};
		F63C4798247A32E100209206 /* SnakeUITests */ = {
			isa = PBXGroup;
			children = (
				F63C4799247A32E100209206 /* SnakeUITests.swift */,
				F63C479B247A32E100209206 /* Info.plist */,
			);
			path = SnakeUITests;
			sourceTree = "<group>";
		};
		F63C47A7247A334400209206 /* Anton */ = {
			isa = PBXGroup;
			children = (
				F63C47A8247A334400209206 /* Anton.swift */,
			);
			path = Anton;
			sourceTree = "<group>";
		};
		F63C47A9247A334400209206 /* Game scene */ = {
			isa = PBXGroup;
			children = (
				F63C47AA247A334400209206 /* GameScene.swift */,
				F63C47B0247A33ED00209206 /* GameSceneExtension.swift */,
			);
			path = "Game scene";
			sourceTree = "<group>";
		};
		F63C47AD247A337200209206 /* Snake */ = {
			isa = PBXGroup;
			children = (
				F63C47AE247A337D00209206 /* Snake.swift */,
			);
			path = Snake;
			sourceTree = "<group>";
		};
		F63C47B2247A35CF00209206 /* GridNode */ = {
			isa = PBXGroup;
			children = (
				F63C47B3247A35DC00209206 /* GridNode.swift */,
			);
			path = GridNode;
			sourceTree = "<group>";
		};
		F63C47B5247A4D9700209206 /* FileHandling */ = {
			isa = PBXGroup;
			children = (
				F63C47B6247A4D9700209206 /* FileHandler.swift */,
				F63C47B7247A4D9700209206 /* IterationData.csv */,
			);
			path = FileHandling;
			sourceTree = "<group>";
		};
		F63C47BA247A5FA200209206 /* CollisionDetector */ = {
			isa = PBXGroup;
			children = (
				F63C47BB247A5FA800209206 /* CollisionDetector.swift */,
			);
			path = CollisionDetector;
			sourceTree = "<group>";
		};
/* End PBXGroup section */

/* Begin PBXNativeTarget section */
		F63C4771247A32DE00209206 /* Snake */ = {
			isa = PBXNativeTarget;
			buildConfigurationList = F63C479E247A32E100209206 /* Build configuration list for PBXNativeTarget "Snake" */;
			buildPhases = (
				F63C476E247A32DE00209206 /* Sources */,
				F63C476F247A32DE00209206 /* Frameworks */,
				F63C4770247A32DE00209206 /* Resources */,
			);
			buildRules = (
			);
			dependencies = (
			);
			name = Snake;
			productName = Snake;
			productReference = F63C4772247A32DE00209206 /* Snake.app */;
			productType = "com.apple.product-type.application";
		};
		F63C4789247A32E100209206 /* SnakeTests */ = {
			isa = PBXNativeTarget;
			buildConfigurationList = F63C47A1247A32E100209206 /* Build configuration list for PBXNativeTarget "SnakeTests" */;
			buildPhases = (
				F63C4786247A32E100209206 /* Sources */,
				F63C4787247A32E100209206 /* Frameworks */,
				F63C4788247A32E100209206 /* Resources */,
			);
			buildRules = (
			);
			dependencies = (
				F63C478C247A32E100209206 /* PBXTargetDependency */,
			);
			name = SnakeTests;
			productName = SnakeTests;
			productReference = F63C478A247A32E100209206 /* SnakeTests.xctest */;
			productType = "com.apple.product-type.bundle.unit-test";
		};
		F63C4794247A32E100209206 /* SnakeUITests */ = {
			isa = PBXNativeTarget;
			buildConfigurationList = F63C47A4247A32E100209206 /* Build configuration list for PBXNativeTarget "SnakeUITests" */;
			buildPhases = (
				F63C4791247A32E100209206 /* Sources */,
				F63C4792247A32E100209206 /* Frameworks */,
				F63C4793247A32E100209206 /* Resources */,
			);
			buildRules = (
			);
			dependencies = (
				F63C4797247A32E100209206 /* PBXTargetDependency */,
			);
			name = SnakeUITests;
			productName = SnakeUITests;
			productReference = F63C4795247A32E100209206 /* SnakeUITests.xctest */;
			productType = "com.apple.product-type.bundle.ui-testing";
		};
/* End PBXNativeTarget section */

/* Begin PBXProject section */
		F63C476A247A32DE00209206 /* Project object */ = {
			isa = PBXProject;
			attributes = {
				LastSwiftUpdateCheck = 1150;
				LastUpgradeCheck = 1150;
				ORGANIZATIONNAME = Snake;
				TargetAttributes = {
					F63C4771247A32DE00209206 = {
						CreatedOnToolsVersion = 11.5;
					};
					F63C4789247A32E100209206 = {
						CreatedOnToolsVersion = 11.5;
						TestTargetID = F63C4771247A32DE00209206;
					};
					F63C4794247A32E100209206 = {
						CreatedOnToolsVersion = 11.5;
						TestTargetID = F63C4771247A32DE00209206;
					};
				};
			};
			buildConfigurationList = F63C476D247A32DE00209206 /* Build configuration list for PBXProject "Snake" */;
			compatibilityVersion = "Xcode 9.3";
			developmentRegion = en;
			hasScannedForEncodings = 0;
			knownRegions = (
				en,
				Base,
			);
			mainGroup = F63C4769247A32DE00209206;
			productRefGroup = F63C4773247A32DE00209206 /* Products */;
			projectDirPath = "";
			projectRoot = "";
			targets = (
				F63C4771247A32DE00209206 /* Snake */,
				F63C4789247A32E100209206 /* SnakeTests */,
				F63C4794247A32E100209206 /* SnakeUITests */,
			);
		};
/* End PBXProject section */

/* Begin PBXResourcesBuildPhase section */
		F63C4770247A32DE00209206 /* Resources */ = {
			isa = PBXResourcesBuildPhase;
			buildActionMask = 2147483647;
			files = (
				F63C4780247A32E100209206 /* Assets.xcassets in Resources */,
				F63C4783247A32E100209206 /* Main.storyboard in Resources */,
				F63C47B9247A4D9700209206 /* IterationData.csv in Resources */,
			);
			runOnlyForDeploymentPostprocessing = 0;
		};
		F63C4788247A32E100209206 /* Resources */ = {
			isa = PBXResourcesBuildPhase;
			buildActionMask = 2147483647;
			files = (
			);
			runOnlyForDeploymentPostprocessing = 0;
		};
		F63C4793247A32E100209206 /* Resources */ = {
			isa = PBXResourcesBuildPhase;
			buildActionMask = 2147483647;
			files = (
			);
			runOnlyForDeploymentPostprocessing = 0;
		};
/* End PBXResourcesBuildPhase section */

/* Begin PBXSourcesBuildPhase section */
		F63C476E247A32DE00209206 /* Sources */ = {
			isa = PBXSourcesBuildPhase;
			buildActionMask = 2147483647;
			files = (
				F63C47B4247A35DC00209206 /* GridNode.swift in Sources */,
				F63C47B1247A33ED00209206 /* GameSceneExtension.swift in Sources */,
				F63C47B8247A4D9700209206 /* FileHandler.swift in Sources */,
				F63C47BC247A5FA800209206 /* CollisionDetector.swift in Sources */,
				F63C477E247A32DE00209206 /* ViewController.swift in Sources */,
				F63C47AB247A334400209206 /* Anton.swift in Sources */,
				F63C47AF247A337D00209206 /* Snake.swift in Sources */,
				F63C47AC247A334400209206 /* GameScene.swift in Sources */,
				F62BCE78247A764B0014BB81 /* TutorialDatasetCSVAPI.swift in Sources */,
				F63C4776247A32DE00209206 /* AppDelegate.swift in Sources */,
			);
			runOnlyForDeploymentPostprocessing = 0;
		};
		F63C4786247A32E100209206 /* Sources */ = {
			isa = PBXSourcesBuildPhase;
			buildActionMask = 2147483647;
			files = (
				F63C478F247A32E100209206 /* SnakeTests.swift in Sources */,
			);
			runOnlyForDeploymentPostprocessing = 0;
		};
		F63C4791247A32E100209206 /* Sources */ = {
			isa = PBXSourcesBuildPhase;
			buildActionMask = 2147483647;
			files = (
				F63C479A247A32E100209206 /* SnakeUITests.swift in Sources */,
			);
			runOnlyForDeploymentPostprocessing = 0;
		};
/* End PBXSourcesBuildPhase section */

/* Begin PBXTargetDependency section */
		F63C478C247A32E100209206 /* PBXTargetDependency */ = {
			isa = PBXTargetDependency;
			target = F63C4771247A32DE00209206 /* Snake */;
			targetProxy = F63C478B247A32E100209206 /* PBXContainerItemProxy */;
		};
		F63C4797247A32E100209206 /* PBXTargetDependency */ = {
			isa = PBXTargetDependency;
			target = F63C4771247A32DE00209206 /* Snake */;
			targetProxy = F63C4796247A32E100209206 /* PBXContainerItemProxy */;
		};
/* End PBXTargetDependency section */

/* Begin PBXVariantGroup section */
		F63C4781247A32E100209206 /* Main.storyboard */ = {
			isa = PBXVariantGroup;
			children = (
				F63C4782247A32E100209206 /* Base */,
			);
			name = Main.storyboard;
			sourceTree = "<group>";
		};
/* End PBXVariantGroup section */

/* Begin XCBuildConfiguration section */
		F63C479C247A32E100209206 /* Debug */ = {
			isa = XCBuildConfiguration;
			buildSettings = {
				ALWAYS_SEARCH_USER_PATHS = NO;
				CLANG_ANALYZER_NONNULL = YES;
				CLANG_ANALYZER_NUMBER_OBJECT_CONVERSION = YES_AGGRESSIVE;
				CLANG_CXX_LANGUAGE_STANDARD = "gnu++14";
				CLANG_CXX_LIBRARY = "libc++";
				CLANG_ENABLE_MODULES = YES;
				CLANG_ENABLE_OBJC_ARC = YES;
				CLANG_ENABLE_OBJC_WEAK = YES;
				CLANG_WARN_BLOCK_CAPTURE_AUTORELEASING = YES;
				CLANG_WARN_BOOL_CONVERSION = YES;
				CLANG_WARN_COMMA = YES;
				CLANG_WARN_CONSTANT_CONVERSION = YES;
				CLANG_WARN_DEPRECATED_OBJC_IMPLEMENTATIONS = YES;
				CLANG_WARN_DIRECT_OBJC_ISA_USAGE = YES_ERROR;
				CLANG_WARN_DOCUMENTATION_COMMENTS = YES;
				CLANG_WARN_EMPTY_BODY = YES;
				CLANG_WARN_ENUM_CONVERSION = YES;
				CLANG_WARN_INFINITE_RECURSION = YES;
				CLANG_WARN_INT_CONVERSION = YES;
				CLANG_WARN_NON_LITERAL_NULL_CONVERSION = YES;
				CLANG_WARN_OBJC_IMPLICIT_RETAIN_SELF = YES;
				CLANG_WARN_OBJC_LITERAL_CONVERSION = YES;
				CLANG_WARN_OBJC_ROOT_CLASS = YES_ERROR;
				CLANG_WARN_RANGE_LOOP_ANALYSIS = YES;
				CLANG_WARN_STRICT_PROTOTYPES = YES;
				CLANG_WARN_SUSPICIOUS_MOVE = YES;
				CLANG_WARN_UNGUARDED_AVAILABILITY = YES_AGGRESSIVE;
				CLANG_WARN_UNREACHABLE_CODE = YES;
				CLANG_WARN__DUPLICATE_METHOD_MATCH = YES;
				COPY_PHASE_STRIP = NO;
				DEBUG_INFORMATION_FORMAT = dwarf;
				ENABLE_STRICT_OBJC_MSGSEND = YES;
				ENABLE_TESTABILITY = YES;
				GCC_C_LANGUAGE_STANDARD = gnu11;
				GCC_DYNAMIC_NO_PIC = NO;
				GCC_NO_COMMON_BLOCKS = YES;
				GCC_OPTIMIZATION_LEVEL = 0;
				GCC_PREPROCESSOR_DEFINITIONS = (
					"DEBUG=1",
					"$(inherited)",
				);
				GCC_WARN_64_TO_32_BIT_CONVERSION = YES;
				GCC_WARN_ABOUT_RETURN_TYPE = YES_ERROR;
				GCC_WARN_UNDECLARED_SELECTOR = YES;
				GCC_WARN_UNINITIALIZED_AUTOS = YES_AGGRESSIVE;
				GCC_WARN_UNUSED_FUNCTION = YES;
				GCC_WARN_UNUSED_VARIABLE = YES;
				MACOSX_DEPLOYMENT_TARGET = 10.15;
				MTL_ENABLE_DEBUG_INFO = INCLUDE_SOURCE;
				MTL_FAST_MATH = YES;
				ONLY_ACTIVE_ARCH = YES;
				SDKROOT = macosx;
				SWIFT_ACTIVE_COMPILATION_CONDITIONS = DEBUG;
				SWIFT_OPTIMIZATION_LEVEL = "-Onone";
			};
			name = Debug;
		};
		F63C479D247A32E100209206 /* Release */ = {
			isa = XCBuildConfiguration;
			buildSettings = {
				ALWAYS_SEARCH_USER_PATHS = NO;
				CLANG_ANALYZER_NONNULL = YES;
				CLANG_ANALYZER_NUMBER_OBJECT_CONVERSION = YES_AGGRESSIVE;
				CLANG_CXX_LANGUAGE_STANDARD = "gnu++14";
				CLANG_CXX_LIBRARY = "libc++";
				CLANG_ENABLE_MODULES = YES;
				CLANG_ENABLE_OBJC_ARC = YES;
				CLANG_ENABLE_OBJC_WEAK = YES;
				CLANG_WARN_BLOCK_CAPTURE_AUTORELEASING = YES;
				CLANG_WARN_BOOL_CONVERSION = YES;
				CLANG_WARN_COMMA = YES;
				CLANG_WARN_CONSTANT_CONVERSION = YES;
				CLANG_WARN_DEPRECATED_OBJC_IMPLEMENTATIONS = YES;
				CLANG_WARN_DIRECT_OBJC_ISA_USAGE = YES_ERROR;
				CLANG_WARN_DOCUMENTATION_COMMENTS = YES;
				CLANG_WARN_EMPTY_BODY = YES;
				CLANG_WARN_ENUM_CONVERSION = YES;
				CLANG_WARN_INFINITE_RECURSION = YES;
				CLANG_WARN_INT_CONVERSION = YES;
				CLANG_WARN_NON_LITERAL_NULL_CONVERSION = YES;
				CLANG_WARN_OBJC_IMPLICIT_RETAIN_SELF = YES;
				CLANG_WARN_OBJC_LITERAL_CONVERSION = YES;
				CLANG_WARN_OBJC_ROOT_CLASS = YES_ERROR;
				CLANG_WARN_RANGE_LOOP_ANALYSIS = YES;
				CLANG_WARN_STRICT_PROTOTYPES = YES;
				CLANG_WARN_SUSPICIOUS_MOVE = YES;
				CLANG_WARN_UNGUARDED_AVAILABILITY = YES_AGGRESSIVE;
				CLANG_WARN_UNREACHABLE_CODE = YES;
				CLANG_WARN__DUPLICATE_METHOD_MATCH = YES;
				COPY_PHASE_STRIP = NO;
				DEBUG_INFORMATION_FORMAT = "dwarf-with-dsym";
				ENABLE_NS_ASSERTIONS = NO;
				ENABLE_STRICT_OBJC_MSGSEND = YES;
				GCC_C_LANGUAGE_STANDARD = gnu11;
				GCC_NO_COMMON_BLOCKS = YES;
				GCC_WARN_64_TO_32_BIT_CONVERSION = YES;
				GCC_WARN_ABOUT_RETURN_TYPE = YES_ERROR;
				GCC_WARN_UNDECLARED_SELECTOR = YES;
				GCC_WARN_UNINITIALIZED_AUTOS = YES_AGGRESSIVE;
				GCC_WARN_UNUSED_FUNCTION = YES;
				GCC_WARN_UNUSED_VARIABLE = YES;
				MACOSX_DEPLOYMENT_TARGET = 10.15;
				MTL_ENABLE_DEBUG_INFO = NO;
				MTL_FAST_MATH = YES;
				SDKROOT = macosx;
				SWIFT_COMPILATION_MODE = wholemodule;
				SWIFT_OPTIMIZATION_LEVEL = "-O";
			};
			name = Release;
		};
		F63C479F247A32E100209206 /* Debug */ = {
			isa = XCBuildConfiguration;
			buildSettings = {
				ASSETCATALOG_COMPILER_APPICON_NAME = AppIcon;
				CODE_SIGN_ENTITLEMENTS = Snake/Snake.entitlements;
				CODE_SIGN_STYLE = Automatic;
				COMBINE_HIDPI_IMAGES = YES;
				DEVELOPMENT_TEAM = RBGT85CCQZ;
				ENABLE_HARDENED_RUNTIME = YES;
				INFOPLIST_FILE = Snake/Info.plist;
				LD_RUNPATH_SEARCH_PATHS = (
					"$(inherited)",
					"@executable_path/../Frameworks",
				);
				PRODUCT_BUNDLE_IDENTIFIER = Snake.Snake;
				PRODUCT_NAME = "$(TARGET_NAME)";
				SWIFT_VERSION = 5.0;
			};
			name = Debug;
		};
		F63C47A0247A32E100209206 /* Release */ = {
			isa = XCBuildConfiguration;
			buildSettings = {
				ASSETCATALOG_COMPILER_APPICON_NAME = AppIcon;
				CODE_SIGN_ENTITLEMENTS = Snake/Snake.entitlements;
				CODE_SIGN_STYLE = Automatic;
				COMBINE_HIDPI_IMAGES = YES;
				DEVELOPMENT_TEAM = RBGT85CCQZ;
				ENABLE_HARDENED_RUNTIME = YES;
				INFOPLIST_FILE = Snake/Info.plist;
				LD_RUNPATH_SEARCH_PATHS = (
					"$(inherited)",
					"@executable_path/../Frameworks",
				);
				PRODUCT_BUNDLE_IDENTIFIER = Snake.Snake;
				PRODUCT_NAME = "$(TARGET_NAME)";
				SWIFT_VERSION = 5.0;
			};
			name = Release;
		};
		F63C47A2247A32E100209206 /* Debug */ = {
			isa = XCBuildConfiguration;
			buildSettings = {
				ALWAYS_EMBED_SWIFT_STANDARD_LIBRARIES = YES;
				BUNDLE_LOADER = "$(TEST_HOST)";
				CODE_SIGN_STYLE = Automatic;
				COMBINE_HIDPI_IMAGES = YES;
				DEVELOPMENT_TEAM = RBGT85CCQZ;
				INFOPLIST_FILE = SnakeTests/Info.plist;
				LD_RUNPATH_SEARCH_PATHS = (
					"$(inherited)",
					"@executable_path/../Frameworks",
					"@loader_path/../Frameworks",
				);
				MACOSX_DEPLOYMENT_TARGET = 10.15;
				PRODUCT_BUNDLE_IDENTIFIER = Snake.SnakeTests;
				PRODUCT_NAME = "$(TARGET_NAME)";
				SWIFT_VERSION = 5.0;
				TEST_HOST = "$(BUILT_PRODUCTS_DIR)/Snake.app/Contents/MacOS/Snake";
			};
			name = Debug;
		};
		F63C47A3247A32E100209206 /* Release */ = {
			isa = XCBuildConfiguration;
			buildSettings = {
				ALWAYS_EMBED_SWIFT_STANDARD_LIBRARIES = YES;
				BUNDLE_LOADER = "$(TEST_HOST)";
				CODE_SIGN_STYLE = Automatic;
				COMBINE_HIDPI_IMAGES = YES;
				DEVELOPMENT_TEAM = RBGT85CCQZ;
				INFOPLIST_FILE = SnakeTests/Info.plist;
				LD_RUNPATH_SEARCH_PATHS = (
					"$(inherited)",
					"@executable_path/../Frameworks",
					"@loader_path/../Frameworks",
				);
				MACOSX_DEPLOYMENT_TARGET = 10.15;
				PRODUCT_BUNDLE_IDENTIFIER = Snake.SnakeTests;
				PRODUCT_NAME = "$(TARGET_NAME)";
				SWIFT_VERSION = 5.0;
				TEST_HOST = "$(BUILT_PRODUCTS_DIR)/Snake.app/Contents/MacOS/Snake";
			};
			name = Release;
		};
		F63C47A5247A32E100209206 /* Debug */ = {
			isa = XCBuildConfiguration;
			buildSettings = {
				ALWAYS_EMBED_SWIFT_STANDARD_LIBRARIES = YES;
				CODE_SIGN_STYLE = Automatic;
				COMBINE_HIDPI_IMAGES = YES;
				DEVELOPMENT_TEAM = RBGT85CCQZ;
				INFOPLIST_FILE = SnakeUITests/Info.plist;
				LD_RUNPATH_SEARCH_PATHS = (
					"$(inherited)",
					"@executable_path/../Frameworks",
					"@loader_path/../Frameworks",
				);
				PRODUCT_BUNDLE_IDENTIFIER = Snake.SnakeUITests;
				PRODUCT_NAME = "$(TARGET_NAME)";
				SWIFT_VERSION = 5.0;
				TEST_TARGET_NAME = Snake;
			};
			name = Debug;
		};
		F63C47A6247A32E100209206 /* Release */ = {
			isa = XCBuildConfiguration;
			buildSettings = {
				ALWAYS_EMBED_SWIFT_STANDARD_LIBRARIES = YES;
				CODE_SIGN_STYLE = Automatic;
				COMBINE_HIDPI_IMAGES = YES;
				DEVELOPMENT_TEAM = RBGT85CCQZ;
				INFOPLIST_FILE = SnakeUITests/Info.plist;
				LD_RUNPATH_SEARCH_PATHS = (
					"$(inherited)",
					"@executable_path/../Frameworks",
					"@loader_path/../Frameworks",
				);
				PRODUCT_BUNDLE_IDENTIFIER = Snake.SnakeUITests;
				PRODUCT_NAME = "$(TARGET_NAME)";
				SWIFT_VERSION = 5.0;
				TEST_TARGET_NAME = Snake;
			};
			name = Release;
		};
/* End XCBuildConfiguration section */

/* Begin XCConfigurationList section */
		F63C476D247A32DE00209206 /* Build configuration list for PBXProject "Snake" */ = {
			isa = XCConfigurationList;
			buildConfigurations = (
				F63C479C247A32E100209206 /* Debug */,
				F63C479D247A32E100209206 /* Release */,
			);
			defaultConfigurationIsVisible = 0;
			defaultConfigurationName = Release;
		};
		F63C479E247A32E100209206 /* Build configuration list for PBXNativeTarget "Snake" */ = {
			isa = XCConfigurationList;
			buildConfigurations = (
				F63C479F247A32E100209206 /* Debug */,
				F63C47A0247A32E100209206 /* Release */,
			);
			defaultConfigurationIsVisible = 0;
			defaultConfigurationName = Release;
		};
		F63C47A1247A32E100209206 /* Build configuration list for PBXNativeTarget "SnakeTests" */ = {
			isa = XCConfigurationList;
			buildConfigurations = (
				F63C47A2247A32E100209206 /* Debug */,
				F63C47A3247A32E100209206 /* Release */,
			);
			defaultConfigurationIsVisible = 0;
			defaultConfigurationName = Release;
		};
		F63C47A4247A32E100209206 /* Build configuration list for PBXNativeTarget "SnakeUITests" */ = {
			isa = XCConfigurationList;
			buildConfigurations = (
				F63C47A5247A32E100209206 /* Debug */,
				F63C47A6247A32E100209206 /* Release */,
			);
			defaultConfigurationIsVisible = 0;
			defaultConfigurationName = Release;
		};
/* End XCConfigurationList section */
	};
	rootObject = F63C476A247A32DE00209206 /* Project object */;
}
